PODS:
  - BadgeHub (1.0.0)
  - PTCardTabBar (1.0.3):
    - BadgeHub

DEPENDENCIES:
  - PTCardTabBar (from `../`)

SPEC REPOS:
  trunk:
    - BadgeHub

EXTERNAL SOURCES:
  PTCardTabBar:
    :path: "../"

SPEC CHECKSUMS:
  BadgeHub: b227771329f78c37a2dae7502607ec6d00a50bd4
  PTCardTabBar: 99ee37f7a5e846527794712d4c0d8d2579a434d4

PODFILE CHECKSUM: 6831481132ff7e42ef885d260eb593031ae0c29e

COCOAPODS: 1.16.2
