PODS:
  - BadgeHub (1.0.0)
  - PTCardTabBar (1.0.3):
    - BadgeHub

DEPENDENCIES:
  - PTCardTabBar (from `../`)

SPEC REPOS:
  trunk:
    - BadgeHub

EXTERNAL SOURCES:
  PTCardTabBar:
    :path: "../"

SPEC CHECKSUMS:
  BadgeHub: b227771329f78c37a2dae7502607ec6d00a50bd4
  PTCardTabBar: ed470e02f4486de5213f4e7b94c62c7b0472b65c

PODFILE CHECKSUM: 60354abc592218330d7f9f70ac3c419792d0d404

COCOAPODS: 1.16.2
